certifi==2026.7.22 --hash=sha256:62f22742b58a1a33014a2b6b706588a8d7e2a88ae7bd1a6ebe8c992928483775
charset-normalizer==3.5.2 --hash=sha256:6045373d5a89a5ec71afde535db987ca28e76dfa276c2d4c818265b375d4b055
idna==3.20 --hash=sha256:ab7ae7122974553370f0bdb919e1a960b2cd1bc1ef0276416d896db81c14582c
regex==2026.9.29 --hash=sha256:c90fcf7804ea0a54b896ce0f2b9565350220b8d4890fd0db461a476a4c687963
requests==2.34.2 --hash=sha256:2a0d60c172f83ac6ab31e4554906c0f3b3588d37b5cb939b1c061f4907e278e0
tiktoken==0.14.0 --hash=sha256:cbe2cc3bba939bcdaf103e03df9d5039d33887080b315624be28ec69059e5f94
urllib3==2.8.0 --hash=sha256:0cf3cae568d36aa9576b28dfb35f11328f1cb974ca7647d9475ebb86c75ac6e3
